
Microsoft Visual Studio Solution File, Format Version 12.00
# Visual Studio 15
VisualStudioVersion = 15.0.26403.3
MinimumVisualStudioVersion = 10.0.40219.1
Project("{262852C6-CD72-467D-83FE-5EEB1973A190}") = "ionic2-sudoku", "ionic2-sudoku\ionic2-sudoku.jsproj", "{055D0B53-E443-4EFA-8B7C-2822F96491AD}"
EndProject
Global
	GlobalSection(SolutionConfigurationPlatforms) = preSolution
		Debug|Android = Debug|Android
		Debug|iOS = Debug|iOS
		Debug|Windows-AnyCPU = Debug|Windows-AnyCPU
		Debug|Windows-ARM = Debug|Windows-ARM
		Debug|Windows-x64 = Debug|Windows-x64
		Debug|Windows-x86 = Debug|Windows-x86
		Release|Android = Release|Android
		Release|iOS = Release|iOS
		Release|Windows-AnyCPU = Release|Windows-AnyCPU
		Release|Windows-ARM = Release|Windows-ARM
		Release|Windows-x64 = Release|Windows-x64
		Release|Windows-x86 = Release|Windows-x86
	EndGlobalSection
	GlobalSection(ProjectConfigurationPlatforms) = postSolution
		{055D0B53-E443-4EFA-8B7C-2822F96491AD}.Debug|Android.ActiveCfg = Debug|Android
		{055D0B53-E443-4EFA-8B7C-2822F96491AD}.Debug|Android.Build.0 = Debug|Android
		{055D0B53-E443-4EFA-8B7C-2822F96491AD}.Debug|Android.Deploy.0 = Debug|Android
		{055D0B53-E443-4EFA-8B7C-2822F96491AD}.Debug|iOS.ActiveCfg = Debug|iOS
		{055D0B53-E443-4EFA-8B7C-2822F96491AD}.Debug|iOS.Build.0 = Debug|iOS
		{055D0B53-E443-4EFA-8B7C-2822F96491AD}.Debug|iOS.Deploy.0 = Debug|iOS
		{055D0B53-E443-4EFA-8B7C-2822F96491AD}.Debug|Windows-AnyCPU.ActiveCfg = Debug|Windows-AnyCPU
		{055D0B53-E443-4EFA-8B7C-2822F96491AD}.Debug|Windows-AnyCPU.Build.0 = Debug|Windows-AnyCPU
		{055D0B53-E443-4EFA-8B7C-2822F96491AD}.Debug|Windows-AnyCPU.Deploy.0 = Debug|Windows-AnyCPU
		{055D0B53-E443-4EFA-8B7C-2822F96491AD}.Debug|Windows-ARM.ActiveCfg = Debug|Windows-ARM
		{055D0B53-E443-4EFA-8B7C-2822F96491AD}.Debug|Windows-ARM.Build.0 = Debug|Windows-ARM
		{055D0B53-E443-4EFA-8B7C-2822F96491AD}.Debug|Windows-ARM.Deploy.0 = Debug|Windows-ARM
		{055D0B53-E443-4EFA-8B7C-2822F96491AD}.Debug|Windows-x64.ActiveCfg = Debug|Windows-x64
		{055D0B53-E443-4EFA-8B7C-2822F96491AD}.Debug|Windows-x64.Build.0 = Debug|Windows-x64
		{055D0B53-E443-4EFA-8B7C-2822F96491AD}.Debug|Windows-x64.Deploy.0 = Debug|Windows-x64
		{055D0B53-E443-4EFA-8B7C-2822F96491AD}.Debug|Windows-x86.ActiveCfg = Debug|Windows-x86
		{055D0B53-E443-4EFA-8B7C-2822F96491AD}.Debug|Windows-x86.Build.0 = Debug|Windows-x86
		{055D0B53-E443-4EFA-8B7C-2822F96491AD}.Debug|Windows-x86.Deploy.0 = Debug|Windows-x86
		{055D0B53-E443-4EFA-8B7C-2822F96491AD}.Release|Android.ActiveCfg = Release|Android
		{055D0B53-E443-4EFA-8B7C-2822F96491AD}.Release|Android.Build.0 = Release|Android
		{055D0B53-E443-4EFA-8B7C-2822F96491AD}.Release|Android.Deploy.0 = Release|Android
		{055D0B53-E443-4EFA-8B7C-2822F96491AD}.Release|iOS.ActiveCfg = Release|iOS
		{055D0B53-E443-4EFA-8B7C-2822F96491AD}.Release|iOS.Build.0 = Release|iOS
		{055D0B53-E443-4EFA-8B7C-2822F96491AD}.Release|iOS.Deploy.0 = Release|iOS
		{055D0B53-E443-4EFA-8B7C-2822F96491AD}.Release|Windows-AnyCPU.ActiveCfg = Release|Windows-AnyCPU
		{055D0B53-E443-4EFA-8B7C-2822F96491AD}.Release|Windows-AnyCPU.Build.0 = Release|Windows-AnyCPU
		{055D0B53-E443-4EFA-8B7C-2822F96491AD}.Release|Windows-AnyCPU.Deploy.0 = Release|Windows-AnyCPU
		{055D0B53-E443-4EFA-8B7C-2822F96491AD}.Release|Windows-ARM.ActiveCfg = Release|Windows-ARM
		{055D0B53-E443-4EFA-8B7C-2822F96491AD}.Release|Windows-ARM.Build.0 = Release|Windows-ARM
		{055D0B53-E443-4EFA-8B7C-2822F96491AD}.Release|Windows-ARM.Deploy.0 = Release|Windows-ARM
		{055D0B53-E443-4EFA-8B7C-2822F96491AD}.Release|Windows-x64.ActiveCfg = Release|Windows-x64
		{055D0B53-E443-4EFA-8B7C-2822F96491AD}.Release|Windows-x64.Build.0 = Release|Windows-x64
		{055D0B53-E443-4EFA-8B7C-2822F96491AD}.Release|Windows-x64.Deploy.0 = Release|Windows-x64
		{055D0B53-E443-4EFA-8B7C-2822F96491AD}.Release|Windows-x86.ActiveCfg = Release|Windows-x86
		{055D0B53-E443-4EFA-8B7C-2822F96491AD}.Release|Windows-x86.Build.0 = Release|Windows-x86
		{055D0B53-E443-4EFA-8B7C-2822F96491AD}.Release|Windows-x86.Deploy.0 = Release|Windows-x86
	EndGlobalSection
	GlobalSection(SolutionProperties) = preSolution
		HideSolutionNode = FALSE
	EndGlobalSection
EndGlobal
